
Microsoft Visual Studio Solution File, Format Version 12.00
# Visual Studio Version 16
VisualStudioVersion = 16.0.28315.86
MinimumVisualStudioVersion = 10.0.40219.1
Project("{FAE04EC0-301F-11D3-BF4B-00C04F79EFBC}") = "AzureADWebapi-netcore22", "AzureADWebapi-netcore22\AzureADWebapi-netcore22.csproj", "{EEE4BF84-C492-4C71-AAEA-F14ECE9F95BC}"
EndProject
Global
	GlobalSection(SolutionConfigurationPlatforms) = preSolution
		Debug|Any CPU = Debug|Any CPU
		Release|Any CPU = Release|Any CPU
	EndGlobalSection
	GlobalSection(ProjectConfigurationPlatforms) = postSolution
		{EEE4BF84-C492-4C71-AAEA-F14ECE9F95BC}.Debug|Any CPU.ActiveCfg = Debug|Any CPU
		{EEE4BF84-C492-4C71-AAEA-F14ECE9F95BC}.Debug|Any CPU.Build.0 = Debug|Any CPU
		{EEE4BF84-C492-4C71-AAEA-F14ECE9F95BC}.Release|Any CPU.ActiveCfg = Release|Any CPU
		{EEE4BF84-C492-4C71-AAEA-F14ECE9F95BC}.Release|Any CPU.Build.0 = Release|Any CPU
	EndGlobalSection
	GlobalSection(SolutionProperties) = preSolution
		HideSolutionNode = FALSE
	EndGlobalSection
	GlobalSection(ExtensibilityGlobals) = postSolution
		SolutionGuid = {366B49E1-CD98-4008-98D7-873B4D36050B}
	EndGlobalSection
EndGlobal
